// !$*UTF8*$!
{
	archiveVersion = 1;
	classes = {
	};
	objectVersion = 46;
	objects = {

/* Begin PBXBuildFile section */
		9937AF9C1CD97B4000E1B188 /* AppDelegate.swift in Sources */ = {isa = PBXBuildFile; fileRef = 9937AF9B1CD97B4000E1B188 /* AppDelegate.swift */; };
		9937AF9E1CD97B4000E1B188 /* ViewController.swift in Sources */ = {isa = PBXBuildFile; fileRef = 9937AF9D1CD97B4000E1B188 /* ViewController.swift */; };
		9937AFA11CD97B4000E1B188 /* Main.storyboard in Resources */ = {isa = PBXBuildFile; fileRef = 9937AF9F1CD97B4000E1B188 /* Main.storyboard */; };
		9937AFA31CD97B4000E1B188 /* Assets.xcassets in Resources */ = {isa = PBXBuildFile; fileRef = 9937AFA21CD97B4000E1B188 /* Assets.xcassets */; };
		9937AFA61CD97B4000E1B188 /* LaunchScreen.storyboard in Resources */ = {isa = PBXBuildFile; fileRef = 9937AFA41CD97B4000E1B188 /* LaunchScreen.storyboard */; };
		9937AFB11CD97B4000E1B188 /* iQuizTests.swift in Sources */ = {isa = PBXBuildFile; fileRef = 9937AFB01CD97B4000E1B188 /* iQuizTests.swift */; };
		9937AFBC1CD97B4000E1B188 /* iQuizUITests.swift in Sources */ = {isa = PBXBuildFile; fileRef = 9937AFBB1CD97B4000E1B188 /* iQuizUITests.swift */; };
		9937AFCC1CD996DE00E1B188 /* TableViewCell.swift in Sources */ = {isa = PBXBuildFile; fileRef = 9937AFCB1CD996DE00E1B188 /* TableViewCell.swift */; };
/* End PBXBuildFile section */

/* Begin PBXContainerItemProxy section */
		9937AFAD1CD97B4000E1B188 /* PBXContainerItemProxy */ = {
			isa = PBXContainerItemProxy;
			containerPortal = 9937AF901CD97B3F00E1B188 /* Project object */;
			proxyType = 1;
			remoteGlobalIDString = 9937AF971CD97B3F00E1B188;
			remoteInfo = iQuiz;
		};
		9937AFB81CD97B4000E1B188 /* PBXContainerItemProxy */ = {
			isa = PBXContainerItemProxy;
			containerPortal = 9937AF901CD97B3F00E1B188 /* Project object */;
			proxyType = 1;
			remoteGlobalIDString = 9937AF971CD97B3F00E1B188;
			remoteInfo = iQuiz;
		};
/* End PBXContainerItemProxy section */

/* Begin PBXFileReference section */
		9937AF981CD97B3F00E1B188 /* iQuiz.app */ = {isa = PBXFileReference; explicitFileType = wrapper.application; includeInIndex = 0; path = iQuiz.app; sourceTree = BUILT_PRODUCTS_DIR; };
		9937AF9B1CD97B4000E1B188 /* AppDelegate.swift */ = {isa = PBXFileReference; lastKnownFileType = sourcecode.swift; path = AppDelegate.swift; sourceTree = "<group>"; };
		9937AF9D1CD97B4000E1B188 /* ViewController.swift */ = {isa = PBXFileReference; lastKnownFileType = sourcecode.swift; path = ViewController.swift; sourceTree = "<group>"; };
		9937AFA01CD97B4000E1B188 /* Base */ = {isa = PBXFileReference; lastKnownFileType = file.storyboard; name = Base; path = Base.lproj/Main.storyboard; sourceTree = "<group>"; };
		9937AFA21CD97B4000E1B188 /* Assets.xcassets */ = {isa = PBXFileReference; lastKnownFileType = folder.assetcatalog; path = Assets.xcassets; sourceTree = "<group>"; };
		9937AFA51CD97B4000E1B188 /* Base */ = {isa = PBXFileReference; lastKnownFileType = file.storyboard; name = Base; path = Base.lproj/LaunchScreen.storyboard; sourceTree = "<group>"; };
		9937AFA71CD97B4000E1B188 /* Info.plist */ = {isa = PBXFileReference; lastKnownFileType = text.plist.xml; path = Info.plist; sourceTree = "<group>"; };
		9937AFAC1CD97B4000E1B188 /* iQuizTests.xctest */ = {isa = PBXFileReference; explicitFileType = wrapper.cfbundle; includeInIndex = 0; path = iQuizTests.xctest; sourceTree = BUILT_PRODUCTS_DIR; };
		9937AFB01CD97B4000E1B188 /* iQuizTests.swift */ = {isa = PBXFileReference; lastKnownFileType = sourcecode.swift; path = iQuizTests.swift; sourceTree = "<group>"; };
		9937AFB21CD97B4000E1B188 /* Info.plist */ = {isa = PBXFileReference; lastKnownFileType = text.plist.xml; path = Info.plist; sourceTree = "<group>"; };
		9937AFB71CD97B4000E1B188 /* iQuizUITests.xctest */ = {isa = PBXFileReference; explicitFileType = wrapper.cfbundle; includeInIndex = 0; path = iQuizUITests.xctest; sourceTree = BUILT_PRODUCTS_DIR; };
		9937AFBB1CD97B4000E1B188 /* iQuizUITests.swift */ = {isa = PBXFileReference; lastKnownFileType = sourcecode.swift; path = iQuizUITests.swift; sourceTree = "<group>"; };
		9937AFBD1CD97B4000E1B188 /* Info.plist */ = {isa = PBXFileReference; lastKnownFileType = text.plist.xml; path = Info.plist; sourceTree = "<group>"; };
		9937AFCB1CD996DE00E1B188 /* TableViewCell.swift */ = {isa = PBXFileReference; fileEncoding = 4; lastKnownFileType = sourcecode.swift; name = TableViewCell.swift; path = ../TableViewCell.swift; sourceTree = "<group>"; };
/* End PBXFileReference section */

/* Begin PBXFrameworksBuildPhase section */
		9937AF951CD97B3F00E1B188 /* Frameworks */ = {
			isa = PBXFrameworksBuildPhase;
			buildActionMask = 2147483647;
			files = (
			);
			runOnlyForDeploymentPostprocessing = 0;
		};
		9937AFA91CD97B4000E1B188 /* Frameworks */ = {
			isa = PBXFrameworksBuildPhase;
			buildActionMask = 2147483647;
			files = (
			);
			runOnlyForDeploymentPostprocessing = 0;
		};
		9937AFB41CD97B4000E1B188 /* Frameworks */ = {
			isa = PBXFrameworksBuildPhase;
			buildActionMask = 2147483647;
			files = (
			);
			runOnlyForDeploymentPostprocessing = 0;
		};
/* End PBXFrameworksBuildPhase section */

/* Begin PBXGroup section */
		9937AF8F1CD97B3F00E1B188 = {
			isa = PBXGroup;
			children = (
				9937AF9A1CD97B3F00E1B188 /* iQuiz */,
				9937AFAF1CD97B4000E1B188 /* iQuizTests */,
				9937AFBA1CD97B4000E1B188 /* iQuizUITests */,
				9937AF991CD97B3F00E1B188 /* Products */,
			);
			sourceTree = "<group>";
		};
		9937AF991CD97B3F00E1B188 /* Products */ = {
			isa = PBXGroup;
			children = (
				9937AF981CD97B3F00E1B188 /* iQuiz.app */,
				9937AFAC1CD97B4000E1B188 /* iQuizTests.xctest */,
				9937AFB71CD97B4000E1B188 /* iQuizUITests.xctest */,
			);
			name = Products;
			sourceTree = "<group>";
		};
		9937AF9A1CD97B3F00E1B188 /* iQuiz */ = {
			isa = PBXGroup;
			children = (
				9937AFCB1CD996DE00E1B188 /* TableViewCell.swift */,
				9937AF9B1CD97B4000E1B188 /* AppDelegate.swift */,
				9937AF9D1CD97B4000E1B188 /* ViewController.swift */,
				9937AF9F1CD97B4000E1B188 /* Main.storyboard */,
				9937AFA21CD97B4000E1B188 /* Assets.xcassets */,
				9937AFA41CD97B4000E1B188 /* LaunchScreen.storyboard */,
				9937AFA71CD97B4000E1B188 /* Info.plist */,
			);
			path = iQuiz;
			sourceTree = "<group>";
		};
		9937AFAF1CD97B4000E1B188 /* iQuizTests */ = {
			isa = PBXGroup;
			children = (
				9937AFB01CD97B4000E1B188 /* iQuizTests.swift */,
				9937AFB21CD97B4000E1B188 /* Info.plist */,
			);
			path = iQuizTests;
			sourceTree = "<group>";
		};
		9937AFBA1CD97B4000E1B188 /* iQuizUITests */ = {
			isa = PBXGroup;
			children = (
				9937AFBB1CD97B4000E1B188 /* iQuizUITests.swift */,
				9937AFBD1CD97B4000E1B188 /* Info.plist */,
			);
			path = iQuizUITests;
			sourceTree = "<group>";
		};
/* End PBXGroup section */

/* Begin PBXNativeTarget section */
		9937AF971CD97B3F00E1B188 /* iQuiz */ = {
			isa = PBXNativeTarget;
			buildConfigurationList = 9937AFC01CD97B4000E1B188 /* Build configuration list for PBXNativeTarget "iQuiz" */;
			buildPhases = (
				9937AF941CD97B3F00E1B188 /* Sources */,
				9937AF951CD97B3F00E1B188 /* Frameworks */,
				9937AF961CD97B3F00E1B188 /* Resources */,
			);
			buildRules = (
			);
			dependencies = (
			);
			name = iQuiz;
			productName = iQuiz;
			productReference = 9937AF981CD97B3F00E1B188 /* iQuiz.app */;
			productType = "com.apple.product-type.application";
		};
		9937AFAB1CD97B4000E1B188 /* iQuizTests */ = {
			isa = PBXNativeTarget;
			buildConfigurationList = 9937AFC31CD97B4000E1B188 /* Build configuration list for PBXNativeTarget "iQuizTests" */;
			buildPhases = (
				9937AFA81CD97B4000E1B188 /* Sources */,
				9937AFA91CD97B4000E1B188 /* Frameworks */,
				9937AFAA1CD97B4000E1B188 /* Resources */,
			);
			buildRules = (
			);
			dependencies = (
				9937AFAE1CD97B4000E1B188 /* PBXTargetDependency */,
			);
			name = iQuizTests;
			productName = iQuizTests;
			productReference = 9937AFAC1CD97B4000E1B188 /* iQuizTests.xctest */;
			productType = "com.apple.product-type.bundle.unit-test";
		};
		9937AFB61CD97B4000E1B188 /* iQuizUITests */ = {
			isa = PBXNativeTarget;
			buildConfigurationList = 9937AFC61CD97B4000E1B188 /* Build configuration list for PBXNativeTarget "iQuizUITests" */;
			buildPhases = (
				9937AFB31CD97B4000E1B188 /* Sources */,
				9937AFB41CD97B4000E1B188 /* Frameworks */,
				9937AFB51CD97B4000E1B188 /* Resources */,
			);
			buildRules = (
			);
			dependencies = (
				9937AFB91CD97B4000E1B188 /* PBXTargetDependency */,
			);
			name = iQuizUITests;
			productName = iQuizUITests;
			productReference = 9937AFB71CD97B4000E1B188 /* iQuizUITests.xctest */;
			productType = "com.apple.product-type.bundle.ui-testing";
		};
/* End PBXNativeTarget section */

/* Begin PBXProject section */
		9937AF901CD97B3F00E1B188 /* Project object */ = {
			isa = PBXProject;
			attributes = {
				LastSwiftUpdateCheck = 0730;
				LastUpgradeCheck = 0730;
				ORGANIZATIONNAME = "Chris Maglio";
				TargetAttributes = {
					9937AF971CD97B3F00E1B188 = {
						CreatedOnToolsVersion = 7.3;
					};
					9937AFAB1CD97B4000E1B188 = {
						CreatedOnToolsVersion = 7.3;
						TestTargetID = 9937AF971CD97B3F00E1B188;
					};
					9937AFB61CD97B4000E1B188 = {
						CreatedOnToolsVersion = 7.3;
						TestTargetID = 9937AF971CD97B3F00E1B188;
					};
				};
			};
			buildConfigurationList = 9937AF931CD97B3F00E1B188 /* Build configuration list for PBXProject "iQuiz" */;
			compatibilityVersion = "Xcode 3.2";
			developmentRegion = English;
			hasScannedForEncodings = 0;
			knownRegions = (
				en,
				Base,
			);
			mainGroup = 9937AF8F1CD97B3F00E1B188;
			productRefGroup = 9937AF991CD97B3F00E1B188 /* Products */;
			projectDirPath = "";
			projectRoot = "";
			targets = (
				9937AF971CD97B3F00E1B188 /* iQuiz */,
				9937AFAB1CD97B4000E1B188 /* iQuizTests */,
				9937AFB61CD97B4000E1B188 /* iQuizUITests */,
			);
		};
/* End PBXProject section */

/* Begin PBXResourcesBuildPhase section */
		9937AF961CD97B3F00E1B188 /* Resources */ = {
			isa = PBXResourcesBuildPhase;
			buildActionMask = 2147483647;
			files = (
				9937AFA61CD97B4000E1B188 /* LaunchScreen.storyboard in Resources */,
				9937AFA31CD97B4000E1B188 /* Assets.xcassets in Resources */,
				9937AFA11CD97B4000E1B188 /* Main.storyboard in Resources */,
			);
			runOnlyForDeploymentPostprocessing = 0;
		};
		9937AFAA1CD97B4000E1B188 /* Resources */ = {
			isa = PBXResourcesBuildPhase;
			buildActionMask = 2147483647;
			files = (
			);
			runOnlyForDeploymentPostprocessing = 0;
		};
		9937AFB51CD97B4000E1B188 /* Resources */ = {
			isa = PBXResourcesBuildPhase;
			buildActionMask = 2147483647;
			files = (
			);
			runOnlyForDeploymentPostprocessing = 0;
		};
/* End PBXResourcesBuildPhase section */

/* Begin PBXSourcesBuildPhase section */
		9937AF941CD97B3F00E1B188 /* Sources */ = {
			isa = PBXSourcesBuildPhase;
			buildActionMask = 2147483647;
			files = (
				9937AFCC1CD996DE00E1B188 /* TableViewCell.swift in Sources */,
				9937AF9E1CD97B4000E1B188 /* ViewController.swift in Sources */,
				9937AF9C1CD97B4000E1B188 /* AppDelegate.swift in Sources */,
			);
			runOnlyForDeploymentPostprocessing = 0;
		};
		9937AFA81CD97B4000E1B188 /* Sources */ = {
			isa = PBXSourcesBuildPhase;
			buildActionMask = 2147483647;
			files = (
				9937AFB11CD97B4000E1B188 /* iQuizTests.swift in Sources */,
			);
			runOnlyForDeploymentPostprocessing = 0;
		};
		9937AFB31CD97B4000E1B188 /* Sources */ = {
			isa = PBXSourcesBuildPhase;
			buildActionMask = 2147483647;
			files = (
				9937AFBC1CD97B4000E1B188 /* iQuizUITests.swift in Sources */,
			);
			runOnlyForDeploymentPostprocessing = 0;
		};
/* End PBXSourcesBuildPhase section */

/* Begin PBXTargetDependency section */
		9937AFAE1CD97B4000E1B188 /* PBXTargetDependency */ = {
			isa = PBXTargetDependency;
			target = 9937AF971CD97B3F00E1B188 /* iQuiz */;
			targetProxy = 9937AFAD1CD97B4000E1B188 /* PBXContainerItemProxy */;
		};
		9937AFB91CD97B4000E1B188 /* PBXTargetDependency */ = {
			isa = PBXTargetDependency;
			target = 9937AF971CD97B3F00E1B188 /* iQuiz */;
			targetProxy = 9937AFB81CD97B4000E1B188 /* PBXContainerItemProxy */;
		};
/* End PBXTargetDependency section */

/* Begin PBXVariantGroup section */
		9937AF9F1CD97B4000E1B188 /* Main.storyboard */ = {
			isa = PBXVariantGroup;
			children = (
				9937AFA01CD97B4000E1B188 /* Base */,
			);
			name = Main.storyboard;
			sourceTree = "<group>";
		};
		9937AFA41CD97B4000E1B188 /* LaunchScreen.storyboard */ = {
			isa = PBXVariantGroup;
			children = (
				9937AFA51CD97B4000E1B188 /* Base */,
			);
			name = LaunchScreen.storyboard;
			sourceTree = "<group>";
		};
/* End PBXVariantGroup section */

/* Begin XCBuildConfiguration section */
		9937AFBE1CD97B4000E1B188 /* Debug */ = {
			isa = XCBuildConfiguration;
			buildSettings = {
				ALWAYS_SEARCH_USER_PATHS = NO;
				CLANG_ANALYZER_NONNULL = YES;
				CLANG_CXX_LANGUAGE_STANDARD = "gnu++0x";
				CLANG_CXX_LIBRARY = "libc++";
				CLANG_ENABLE_MODULES = YES;
				CLANG_ENABLE_OBJC_ARC = YES;
				CLANG_WARN_BOOL_CONVERSION = YES;
				CLANG_WARN_CONSTANT_CONVERSION = YES;
				CLANG_WARN_DIRECT_OBJC_ISA_USAGE = YES_ERROR;
				CLANG_WARN_EMPTY_BODY = YES;
				CLANG_WARN_ENUM_CONVERSION = YES;
				CLANG_WARN_INT_CONVERSION = YES;
				CLANG_WARN_OBJC_ROOT_CLASS = YES_ERROR;
				CLANG_WARN_UNREACHABLE_CODE = YES;
				CLANG_WARN__DUPLICATE_METHOD_MATCH = YES;
				"CODE_SIGN_IDENTITY[sdk=iphoneos*]" = "iPhone Developer";
				COPY_PHASE_STRIP = NO;
				DEBUG_INFORMATION_FORMAT = dwarf;
				ENABLE_STRICT_OBJC_MSGSEND = YES;
				ENABLE_TESTABILITY = YES;
				GCC_C_LANGUAGE_STANDARD = gnu99;
				GCC_DYNAMIC_NO_PIC = NO;
				GCC_NO_COMMON_BLOCKS = YES;
				GCC_OPTIMIZATION_LEVEL = 0;
				GCC_PREPROCESSOR_DEFINITIONS = (
					"DEBUG=1",
					"$(inherited)",
				);
				GCC_WARN_64_TO_32_BIT_CONVERSION = YES;
				GCC_WARN_ABOUT_RETURN_TYPE = YES_ERROR;
				GCC_WARN_UNDECLARED_SELECTOR = YES;
				GCC_WARN_UNINITIALIZED_AUTOS = YES_AGGRESSIVE;
				GCC_WARN_UNUSED_FUNCTION = YES;
				GCC_WARN_UNUSED_VARIABLE = YES;
				IPHONEOS_DEPLOYMENT_TARGET = 9.3;
				MTL_ENABLE_DEBUG_INFO = YES;
				ONLY_ACTIVE_ARCH = YES;
				SDKROOT = iphoneos;
				SWIFT_OPTIMIZATION_LEVEL = "-Onone";
			};
			name = Debug;
		};
		9937AFBF1CD97B4000E1B188 /* Release */ = {
			isa = XCBuildConfiguration;
			buildSettings = {
				ALWAYS_SEARCH_USER_PATHS = NO;
				CLANG_ANALYZER_NONNULL = YES;
				CLANG_CXX_LANGUAGE_STANDARD = "gnu++0x";
				CLANG_CXX_LIBRARY = "libc++";
				CLANG_ENABLE_MODULES = YES;
				CLANG_ENABLE_OBJC_ARC = YES;
				CLANG_WARN_BOOL_CONVERSION = YES;
				CLANG_WARN_CONSTANT_CONVERSION = YES;
				CLANG_WARN_DIRECT_OBJC_ISA_USAGE = YES_ERROR;
				CLANG_WARN_EMPTY_BODY = YES;
				CLANG_WARN_ENUM_CONVERSION = YES;
				CLANG_WARN_INT_CONVERSION = YES;
				CLANG_WARN_OBJC_ROOT_CLASS = YES_ERROR;
				CLANG_WARN_UNREACHABLE_CODE = YES;
				CLANG_WARN__DUPLICATE_METHOD_MATCH = YES;
				"CODE_SIGN_IDENTITY[sdk=iphoneos*]" = "iPhone Developer";
				COPY_PHASE_STRIP = NO;
				DEBUG_INFORMATION_FORMAT = "dwarf-with-dsym";
				ENABLE_NS_ASSERTIONS = NO;
				ENABLE_STRICT_OBJC_MSGSEND = YES;
				GCC_C_LANGUAGE_STANDARD = gnu99;
				GCC_NO_COMMON_BLOCKS = YES;
				GCC_WARN_64_TO_32_BIT_CONVERSION = YES;
				GCC_WARN_ABOUT_RETURN_TYPE = YES_ERROR;
				GCC_WARN_UNDECLARED_SELECTOR = YES;
				GCC_WARN_UNINITIALIZED_AUTOS = YES_AGGRESSIVE;
				GCC_WARN_UNUSED_FUNCTION = YES;
				GCC_WARN_UNUSED_VARIABLE = YES;
				IPHONEOS_DEPLOYMENT_TARGET = 9.3;
				MTL_ENABLE_DEBUG_INFO = NO;
				SDKROOT = iphoneos;
				VALIDATE_PRODUCT = YES;
			};
			name = Release;
		};
		9937AFC11CD97B4000E1B188 /* Debug */ = {
			isa = XCBuildConfiguration;
			buildSettings = {
				ASSETCATALOG_COMPILER_APPICON_NAME = AppIcon;
				INFOPLIST_FILE = iQuiz/Info.plist;
				LD_RUNPATH_SEARCH_PATHS = "$(inherited) @executable_path/Frameworks";
				PRODUCT_BUNDLE_IDENTIFIER = uw.edu.iQuiz;
				PRODUCT_NAME = "$(TARGET_NAME)";
			};
			name = Debug;
		};
		9937AFC21CD97B4000E1B188 /* Release */ = {
			isa = XCBuildConfiguration;
			buildSettings = {
				ASSETCATALOG_COMPILER_APPICON_NAME = AppIcon;
				INFOPLIST_FILE = iQuiz/Info.plist;
				LD_RUNPATH_SEARCH_PATHS = "$(inherited) @executable_path/Frameworks";
				PRODUCT_BUNDLE_IDENTIFIER = uw.edu.iQuiz;
				PRODUCT_NAME = "$(TARGET_NAME)";
			};
			name = Release;
		};
		9937AFC41CD97B4000E1B188 /* Debug */ = {
			isa = XCBuildConfiguration;
			buildSettings = {
				BUNDLE_LOADER = "$(TEST_HOST)";
				INFOPLIST_FILE = iQuizTests/Info.plist;
				LD_RUNPATH_SEARCH_PATHS = "$(inherited) @executable_path/Frameworks @loader_path/Frameworks";
				PRODUCT_BUNDLE_IDENTIFIER = uw.edu.iQuizTests;
				PRODUCT_NAME = "$(TARGET_NAME)";
				TEST_HOST = "$(BUILT_PRODUCTS_DIR)/iQuiz.app/iQuiz";
			};
			name = Debug;
		};
		9937AFC51CD97B4000E1B188 /* Release */ = {
			isa = XCBuildConfiguration;
			buildSettings = {
				BUNDLE_LOADER = "$(TEST_HOST)";
				INFOPLIST_FILE = iQuizTests/Info.plist;
				LD_RUNPATH_SEARCH_PATHS = "$(inherited) @executable_path/Frameworks @loader_path/Frameworks";
				PRODUCT_BUNDLE_IDENTIFIER = uw.edu.iQuizTests;
				PRODUCT_NAME = "$(TARGET_NAME)";
				TEST_HOST = "$(BUILT_PRODUCTS_DIR)/iQuiz.app/iQuiz";
			};
			name = Release;
		};
		9937AFC71CD97B4000E1B188 /* Debug */ = {
			isa = XCBuildConfiguration;
			buildSettings = {
				CODE_SIGN_IDENTITY = "iPhone Developer";
				INFOPLIST_FILE = iQuizUITests/Info.plist;
				LD_RUNPATH_SEARCH_PATHS = "$(inherited) @executable_path/Frameworks @loader_path/Frameworks";
				PRODUCT_BUNDLE_IDENTIFIER = uw.edu.iQuizUITests;
				PRODUCT_NAME = "$(TARGET_NAME)";
				TEST_TARGET_NAME = iQuiz;
			};
			name = Debug;
		};
		9937AFC81CD97B4000E1B188 /* Release */ = {
			isa = XCBuildConfiguration;
			buildSettings = {
				CODE_SIGN_IDENTITY = "iPhone Developer";
				INFOPLIST_FILE = iQuizUITests/Info.plist;
				LD_RUNPATH_SEARCH_PATHS = "$(inherited) @executable_path/Frameworks @loader_path/Frameworks";
				PRODUCT_BUNDLE_IDENTIFIER = uw.edu.iQuizUITests;
				PRODUCT_NAME = "$(TARGET_NAME)";
				TEST_TARGET_NAME = iQuiz;
			};
			name = Release;
		};
/* End XCBuildConfiguration section */

/* Begin XCConfigurationList section */
		9937AF931CD97B3F00E1B188 /* Build configuration list for PBXProject "iQuiz" */ = {
			isa = XCConfigurationList;
			buildConfigurations = (
				9937AFBE1CD97B4000E1B188 /* Debug */,
				9937AFBF1CD97B4000E1B188 /* Release */,
			);
			defaultConfigurationIsVisible = 0;
			defaultConfigurationName = Release;
		};
		9937AFC01CD97B4000E1B188 /* Build configuration list for PBXNativeTarget "iQuiz" */ = {
			isa = XCConfigurationList;
			buildConfigurations = (
				9937AFC11CD97B4000E1B188 /* Debug */,
				9937AFC21CD97B4000E1B188 /* Release */,
			);
			defaultConfigurationIsVisible = 0;
			defaultConfigurationName = Release;
		};
		9937AFC31CD97B4000E1B188 /* Build configuration list for PBXNativeTarget "iQuizTests" */ = {
			isa = XCConfigurationList;
			buildConfigurations = (
				9937AFC41CD97B4000E1B188 /* Debug */,
				9937AFC51CD97B4000E1B188 /* Release */,
			);
			defaultConfigurationIsVisible = 0;
			defaultConfigurationName = Release;
		};
		9937AFC61CD97B4000E1B188 /* Build configuration list for PBXNativeTarget "iQuizUITests" */ = {
			isa = XCConfigurationList;
			buildConfigurations = (
				9937AFC71CD97B4000E1B188 /* Debug */,
				9937AFC81CD97B4000E1B188 /* Release */,
			);
			defaultConfigurationIsVisible = 0;
			defaultConfigurationName = Release;
		};
/* End XCConfigurationList section */
	};
	rootObject = 9937AF901CD97B3F00E1B188 /* Project object */;
}
